{
  "name": "desert-ant-tongue",
  "version": "1.0.0",
  "lockfileVersion": 3,
  "requires": true,
  "packages": {
    "": {
      "name": "desert-ant-tongue",
      "version": "1.0.0",
      "license": "RPL-1.5",
      "dependencies": {
        "@desert-ant-labs/tongue": "^3.5.0"
      }
    },
    "node_modules/@desert-ant-labs/tongue": {
      "version": "3.5.0",
      "resolved": "https://registry.npmjs.org/@desert-ant-labs/tongue/-/tongue-3.5.0.tgz",
      "integrity": "sha512-igmS4debwPMlBQitTv9RpSH9wtJHgoJgGGVTISRKy4tIjVJXyQbRnqCaGFkSuNhdYXXOHhwBR5gcpoxf16DYng==",
      "license": "SEE LICENSE IN LICENSE.md",
      "engines": {
        "node": ">=18"
      }
    }
  }
}
