{
  "name": "emo",
  "version": "1.0.0",
  "lockfileVersion": 3,
  "requires": true,
  "packages": {
    "": {
      "name": "emo",
      "version": "1.0.0",
      "license": "ISC",
      "dependencies": {
        "@desert-ant-labs/emo": "^3.5.0",
        "@litertjs/core": "^2.5.3"
      }
    },
    "node_modules/@bjorn3/browser_wasi_shim": {
      "version": "0.3.0",
      "resolved": "https://registry.npmjs.org/@bjorn3/browser_wasi_shim/-/browser_wasi_shim-0.3.0.tgz",
      "integrity": "sha512-FlRBYttPRLcWORzBe6g8nmYTafBkOEFeOqMYM4tAHJzFsQy4+xJA94z85a9BCs8S+Uzfh9LrkpII7DXr2iUVFg==",
      "license": "MIT OR Apache-2.0"
    },
    "node_modules/@desert-ant-labs/core": {
      "version": "3.5.0",
      "resolved": "https://registry.npmjs.org/@desert-ant-labs/core/-/core-3.5.0.tgz",
      "integrity": "sha512-1Q7kXhixGcfwFRJFduGcCOaBho0Jy2hBvV9DP0UvUS0pt7axTVgVjtloz7yMeH4d4Qht0du0n8ywU8DyTbyJKw==",
      "license": "SEE LICENSE IN LICENSE.md",
      "peerDependencies": {
        "@litertjs/core": ">=2.1.0",
        "koffi": ">=2.9.0"
      },
      "peerDependenciesMeta": {
        "@litertjs/core": {
          "optional": true
        },
        "koffi": {
          "optional": true
        }
      }
    },
    "node_modules/@desert-ant-labs/emo": {
      "version": "3.5.0",
      "resolved": "https://registry.npmjs.org/@desert-ant-labs/emo/-/emo-3.5.0.tgz",
      "integrity": "sha512-Yn+AV5VK73/VQ8M2RAhev4tYRmSVtvL73d/p2JAvPqVfmaroUY0spilh4wQBUHmDqJo9CbZiRK/BOGhlOXZDqA==",
      "license": "SEE LICENSE IN LICENSE.md",
      "dependencies": {
        "@bjorn3/browser_wasi_shim": "^0.3.0",
        "@desert-ant-labs/core": "^3.5.0"
      },
      "optionalDependencies": {
        "koffi": "^2.9.0"
      },
      "peerDependencies": {
        "@litertjs/core": ">=2.1.0"
      },
      "peerDependenciesMeta": {
        "@litertjs/core": {
          "optional": true
        }
      }
    },
    "node_modules/@litertjs/core": {
      "version": "2.5.3",
      "resolved": "https://registry.npmjs.org/@litertjs/core/-/core-2.5.3.tgz",
      "integrity": "sha512-PlGmbMOq9WitX7FO0jhbdJw9GthatsyuCQXjTt/wJZo0FLaw48q4tz8IwqgqCIkviYGr9OFDL1kCnN4nzWoyJQ==",
      "license": "Apache-2.0",
      "dependencies": {
        "@litertjs/wasm-utils": "^2.5.3"
      }
    },
    "node_modules/@litertjs/wasm-utils": {
      "version": "2.5.3",
      "resolved": "https://registry.npmjs.org/@litertjs/wasm-utils/-/wasm-utils-2.5.3.tgz",
      "integrity": "sha512-4fJiw6tBQnIs+0jH/OQ16nYOiSl8/+zZnn5h2ul8aTKHi05sVqZW580Tmk78pC2kT39A9OYBVdFawteZ/sI1kQ==",
      "license": "Apache-2.0"
    },
    "node_modules/koffi": {
      "version": "2.16.3",
      "resolved": "https://registry.npmjs.org/koffi/-/koffi-2.16.3.tgz",
      "integrity": "sha512-E9y1AsgYGlaxMhcZzHr8y96QF2U5XzA12GGVAfbWqIubTwPNMXQarfBzePNXHe0xtIEtNd6ifAv3GAKYGUeBAQ==",
      "hasInstallScript": true,
      "license": "MIT",
      "optional": true,
      "funding": {
        "url": "https://liberapay.com/Koromix"
      }
    }
  }
}
