{
  "name": "align",
  "version": "1.0.0",
  "lockfileVersion": 3,
  "requires": true,
  "packages": {
    "": {
      "name": "align",
      "version": "1.0.0",
      "license": "ISC",
      "dependencies": {
        "@desert-ant-labs/align": "^3.5.0"
      }
    },
    "node_modules/@desert-ant-labs/align": {
      "version": "3.5.0",
      "resolved": "https://registry.npmjs.org/@desert-ant-labs/align/-/align-3.5.0.tgz",
      "integrity": "sha512-hL1VxXf0I8tm+c+p8rBGi3V7ljP9NXych9e3pdKlzcJ0bvdCqi56rlgI1d+8V108oDSeRuMh9oG8E6e6ixq+Yg==",
      "license": "SEE LICENSE IN LICENSE.md",
      "dependencies": {
        "@desert-ant-labs/core": "^3.5.0"
      },
      "optionalDependencies": {
        "koffi": "^2.9.0"
      }
    },
    "node_modules/@desert-ant-labs/core": {
      "version": "3.5.0",
      "resolved": "https://registry.npmjs.org/@desert-ant-labs/core/-/core-3.5.0.tgz",
      "integrity": "sha512-1Q7kXhixGcfwFRJFduGcCOaBho0Jy2hBvV9DP0UvUS0pt7axTVgVjtloz7yMeH4d4Qht0du0n8ywU8DyTbyJKw==",
      "license": "SEE LICENSE IN LICENSE.md",
      "peerDependencies": {
        "@litertjs/core": ">=2.1.0",
        "koffi": ">=2.9.0"
      },
      "peerDependenciesMeta": {
        "@litertjs/core": {
          "optional": true
        },
        "koffi": {
          "optional": true
        }
      }
    },
    "node_modules/koffi": {
      "version": "2.16.3",
      "resolved": "https://registry.npmjs.org/koffi/-/koffi-2.16.3.tgz",
      "integrity": "sha512-E9y1AsgYGlaxMhcZzHr8y96QF2U5XzA12GGVAfbWqIubTwPNMXQarfBzePNXHe0xtIEtNd6ifAv3GAKYGUeBAQ==",
      "hasInstallScript": true,
      "license": "MIT",
      "optional": true,
      "funding": {
        "url": "https://liberapay.com/Koromix"
      }
    }
  }
}
